
Microsoft Visual Studio Solution File, Format Version 12.00
# Visual Studio Version 17
VisualStudioVersion = 17.0.31903.59
MinimumVisualStudioVersion = 10.0.40219.1
Project("{2150E333-8FDC-42A3-9474-1A3956D46DE8}") = "src", "src", "{827E0CD3-B72D-47B6-A68D-7590B98EB39B}"
EndProject
Project("{FAE04EC0-301F-11D3-BF4B-00C04F79EFBC}") = "Game.Domain", "src\Game.Domain\Game.Domain.csproj", "{B7EE1A64-50B9-435C-BDA7-02A9F164AD39}"
EndProject
Project("{FAE04EC0-301F-11D3-BF4B-00C04F79EFBC}") = "Game.Config", "src\Game.Config\Game.Config.csproj", "{E6271633-97B2-42FD-BDE9-ADB363E23649}"
EndProject
Project("{FAE04EC0-301F-11D3-BF4B-00C04F79EFBC}") = "Game.Engine", "src\Game.Engine\Game.Engine.csproj", "{56811568-A74A-43F7-B0D3-B43964AE710B}"
EndProject
Project("{FAE04EC0-301F-11D3-BF4B-00C04F79EFBC}") = "Game.Persistence", "src\Game.Persistence\Game.Persistence.csproj", "{888203E6-3738-4EF8-9DD4-85EF0D398519}"
EndProject
Project("{FAE04EC0-301F-11D3-BF4B-00C04F79EFBC}") = "Game.Bots", "src\Game.Bots\Game.Bots.csproj", "{88F54F23-3FAE-45CA-BE73-15CA4C7FEC2D}"
EndProject
Project("{FAE04EC0-301F-11D3-BF4B-00C04F79EFBC}") = "Game.Domain.Tests", "tests\Game.Domain.Tests\Game.Domain.Tests.csproj", "{F815C8B9-D08E-4F9D-9278-FFAF30829CEC}"
EndProject
Project("{FAE04EC0-301F-11D3-BF4B-00C04F79EFBC}") = "Game.Web", "src\Game.Web\Game.Web.csproj", "{BFC847DD-F6CD-4727-9F0E-0FE31F185FBB}"
EndProject
Project("{2150E333-8FDC-42A3-9474-1A3956D46DE8}") = "tests", "tests", "{0AB3BF05-4346-4AA6-1389-037BE0695223}"
EndProject
Project("{FAE04EC0-301F-11D3-BF4B-00C04F79EFBC}") = "Game.Config.Tests", "tests\Game.Config.Tests\Game.Config.Tests.csproj", "{B2D7AE23-C915-4F74-B237-DF79FA1B8F20}"
EndProject
Global
	GlobalSection(SolutionConfigurationPlatforms) = preSolution
		Debug|Any CPU = Debug|Any CPU
		Debug|x64 = Debug|x64
		Debug|x86 = Debug|x86
		Release|Any CPU = Release|Any CPU
		Release|x64 = Release|x64
		Release|x86 = Release|x86
	EndGlobalSection
	GlobalSection(ProjectConfigurationPlatforms) = postSolution
		{B7EE1A64-50B9-435C-BDA7-02A9F164AD39}.Debug|Any CPU.ActiveCfg = Debug|Any CPU
		{B7EE1A64-50B9-435C-BDA7-02A9F164AD39}.Debug|Any CPU.Build.0 = Debug|Any CPU
		{B7EE1A64-50B9-435C-BDA7-02A9F164AD39}.Debug|x64.ActiveCfg = Debug|Any CPU
		{B7EE1A64-50B9-435C-BDA7-02A9F164AD39}.Debug|x64.Build.0 = Debug|Any CPU
		{B7EE1A64-50B9-435C-BDA7-02A9F164AD39}.Debug|x86.ActiveCfg = Debug|Any CPU
		{B7EE1A64-50B9-435C-BDA7-02A9F164AD39}.Debug|x86.Build.0 = Debug|Any CPU
		{B7EE1A64-50B9-435C-BDA7-02A9F164AD39}.Release|Any CPU.ActiveCfg = Release|Any CPU
		{B7EE1A64-50B9-435C-BDA7-02A9F164AD39}.Release|Any CPU.Build.0 = Release|Any CPU
		{B7EE1A64-50B9-435C-BDA7-02A9F164AD39}.Release|x64.ActiveCfg = Release|Any CPU
		{B7EE1A64-50B9-435C-BDA7-02A9F164AD39}.Release|x64.Build.0 = Release|Any CPU
		{B7EE1A64-50B9-435C-BDA7-02A9F164AD39}.Release|x86.ActiveCfg = Release|Any CPU
		{B7EE1A64-50B9-435C-BDA7-02A9F164AD39}.Release|x86.Build.0 = Release|Any CPU
		{E6271633-97B2-42FD-BDE9-ADB363E23649}.Debug|Any CPU.ActiveCfg = Debug|Any CPU
		{E6271633-97B2-42FD-BDE9-ADB363E23649}.Debug|Any CPU.Build.0 = Debug|Any CPU
		{E6271633-97B2-42FD-BDE9-ADB363E23649}.Debug|x64.ActiveCfg = Debug|Any CPU
		{E6271633-97B2-42FD-BDE9-ADB363E23649}.Debug|x64.Build.0 = Debug|Any CPU
		{E6271633-97B2-42FD-BDE9-ADB363E23649}.Debug|x86.ActiveCfg = Debug|Any CPU
		{E6271633-97B2-42FD-BDE9-ADB363E23649}.Debug|x86.Build.0 = Debug|Any CPU
		{E6271633-97B2-42FD-BDE9-ADB363E23649}.Release|Any CPU.ActiveCfg = Release|Any CPU
		{E6271633-97B2-42FD-BDE9-ADB363E23649}.Release|Any CPU.Build.0 = Release|Any CPU
		{E6271633-97B2-42FD-BDE9-ADB363E23649}.Release|x64.ActiveCfg = Release|Any CPU
		{E6271633-97B2-42FD-BDE9-ADB363E23649}.Release|x64.Build.0 = Release|Any CPU
		{E6271633-97B2-42FD-BDE9-ADB363E23649}.Release|x86.ActiveCfg = Release|Any CPU
		{E6271633-97B2-42FD-BDE9-ADB363E23649}.Release|x86.Build.0 = Release|Any CPU
		{56811568-A74A-43F7-B0D3-B43964AE710B}.Debug|Any CPU.ActiveCfg = Debug|Any CPU
		{56811568-A74A-43F7-B0D3-B43964AE710B}.Debug|Any CPU.Build.0 = Debug|Any CPU
		{56811568-A74A-43F7-B0D3-B43964AE710B}.Debug|x64.ActiveCfg = Debug|Any CPU
		{56811568-A74A-43F7-B0D3-B43964AE710B}.Debug|x64.Build.0 = Debug|Any CPU
		{56811568-A74A-43F7-B0D3-B43964AE710B}.Debug|x86.ActiveCfg = Debug|Any CPU
		{56811568-A74A-43F7-B0D3-B43964AE710B}.Debug|x86.Build.0 = Debug|Any CPU
		{56811568-A74A-43F7-B0D3-B43964AE710B}.Release|Any CPU.ActiveCfg = Release|Any CPU
		{56811568-A74A-43F7-B0D3-B43964AE710B}.Release|Any CPU.Build.0 = Release|Any CPU
		{56811568-A74A-43F7-B0D3-B43964AE710B}.Release|x64.ActiveCfg = Release|Any CPU
		{56811568-A74A-43F7-B0D3-B43964AE710B}.Release|x64.Build.0 = Release|Any CPU
		{56811568-A74A-43F7-B0D3-B43964AE710B}.Release|x86.ActiveCfg = Release|Any CPU
		{56811568-A74A-43F7-B0D3-B43964AE710B}.Release|x86.Build.0 = Release|Any CPU
		{888203E6-3738-4EF8-9DD4-85EF0D398519}.Debug|Any CPU.ActiveCfg = Debug|Any CPU
		{888203E6-3738-4EF8-9DD4-85EF0D398519}.Debug|Any CPU.Build.0 = Debug|Any CPU
		{888203E6-3738-4EF8-9DD4-85EF0D398519}.Debug|x64.ActiveCfg = Debug|Any CPU
		{888203E6-3738-4EF8-9DD4-85EF0D398519}.Debug|x64.Build.0 = Debug|Any CPU
		{888203E6-3738-4EF8-9DD4-85EF0D398519}.Debug|x86.ActiveCfg = Debug|Any CPU
		{888203E6-3738-4EF8-9DD4-85EF0D398519}.Debug|x86.Build.0 = Debug|Any CPU
		{888203E6-3738-4EF8-9DD4-85EF0D398519}.Release|Any CPU.ActiveCfg = Release|Any CPU
		{888203E6-3738-4EF8-9DD4-85EF0D398519}.Release|Any CPU.Build.0 = Release|Any CPU
		{888203E6-3738-4EF8-9DD4-85EF0D398519}.Release|x64.ActiveCfg = Release|Any CPU
		{888203E6-3738-4EF8-9DD4-85EF0D398519}.Release|x64.Build.0 = Release|Any CPU
		{888203E6-3738-4EF8-9DD4-85EF0D398519}.Release|x86.ActiveCfg = Release|Any CPU
		{888203E6-3738-4EF8-9DD4-85EF0D398519}.Release|x86.Build.0 = Release|Any CPU
		{88F54F23-3FAE-45CA-BE73-15CA4C7FEC2D}.Debug|Any CPU.ActiveCfg = Debug|Any CPU
		{88F54F23-3FAE-45CA-BE73-15CA4C7FEC2D}.Debug|Any CPU.Build.0 = Debug|Any CPU
		{88F54F23-3FAE-45CA-BE73-15CA4C7FEC2D}.Debug|x64.ActiveCfg = Debug|Any CPU
		{88F54F23-3FAE-45CA-BE73-15CA4C7FEC2D}.Debug|x64.Build.0 = Debug|Any CPU
		{88F54F23-3FAE-45CA-BE73-15CA4C7FEC2D}.Debug|x86.ActiveCfg = Debug|Any CPU
		{88F54F23-3FAE-45CA-BE73-15CA4C7FEC2D}.Debug|x86.Build.0 = Debug|Any CPU
		{88F54F23-3FAE-45CA-BE73-15CA4C7FEC2D}.Release|Any CPU.ActiveCfg = Release|Any CPU
		{88F54F23-3FAE-45CA-BE73-15CA4C7FEC2D}.Release|Any CPU.Build.0 = Release|Any CPU
		{88F54F23-3FAE-45CA-BE73-15CA4C7FEC2D}.Release|x64.ActiveCfg = Release|Any CPU
		{88F54F23-3FAE-45CA-BE73-15CA4C7FEC2D}.Release|x64.Build.0 = Release|Any CPU
		{88F54F23-3FAE-45CA-BE73-15CA4C7FEC2D}.Release|x86.ActiveCfg = Release|Any CPU
		{88F54F23-3FAE-45CA-BE73-15CA4C7FEC2D}.Release|x86.Build.0 = Release|Any CPU
		{F815C8B9-D08E-4F9D-9278-FFAF30829CEC}.Debug|Any CPU.ActiveCfg = Debug|Any CPU
		{F815C8B9-D08E-4F9D-9278-FFAF30829CEC}.Debug|Any CPU.Build.0 = Debug|Any CPU
		{F815C8B9-D08E-4F9D-9278-FFAF30829CEC}.Debug|x64.ActiveCfg = Debug|Any CPU
		{F815C8B9-D08E-4F9D-9278-FFAF30829CEC}.Debug|x64.Build.0 = Debug|Any CPU
		{F815C8B9-D08E-4F9D-9278-FFAF30829CEC}.Debug|x86.ActiveCfg = Debug|Any CPU
		{F815C8B9-D08E-4F9D-9278-FFAF30829CEC}.Debug|x86.Build.0 = Debug|Any CPU
		{F815C8B9-D08E-4F9D-9278-FFAF30829CEC}.Release|Any CPU.ActiveCfg = Release|Any CPU
		{F815C8B9-D08E-4F9D-9278-FFAF30829CEC}.Release|Any CPU.Build.0 = Release|Any CPU
		{F815C8B9-D08E-4F9D-9278-FFAF30829CEC}.Release|x64.ActiveCfg = Release|Any CPU
		{F815C8B9-D08E-4F9D-9278-FFAF30829CEC}.Release|x64.Build.0 = Release|Any CPU
		{F815C8B9-D08E-4F9D-9278-FFAF30829CEC}.Release|x86.ActiveCfg = Release|Any CPU
		{F815C8B9-D08E-4F9D-9278-FFAF30829CEC}.Release|x86.Build.0 = Release|Any CPU
		{BFC847DD-F6CD-4727-9F0E-0FE31F185FBB}.Debug|Any CPU.ActiveCfg = Debug|Any CPU
		{BFC847DD-F6CD-4727-9F0E-0FE31F185FBB}.Debug|Any CPU.Build.0 = Debug|Any CPU
		{BFC847DD-F6CD-4727-9F0E-0FE31F185FBB}.Debug|x64.ActiveCfg = Debug|Any CPU
		{BFC847DD-F6CD-4727-9F0E-0FE31F185FBB}.Debug|x64.Build.0 = Debug|Any CPU
		{BFC847DD-F6CD-4727-9F0E-0FE31F185FBB}.Debug|x86.ActiveCfg = Debug|Any CPU
		{BFC847DD-F6CD-4727-9F0E-0FE31F185FBB}.Debug|x86.Build.0 = Debug|Any CPU
		{BFC847DD-F6CD-4727-9F0E-0FE31F185FBB}.Release|Any CPU.ActiveCfg = Release|Any CPU
		{BFC847DD-F6CD-4727-9F0E-0FE31F185FBB}.Release|Any CPU.Build.0 = Release|Any CPU
		{BFC847DD-F6CD-4727-9F0E-0FE31F185FBB}.Release|x64.ActiveCfg = Release|Any CPU
		{BFC847DD-F6CD-4727-9F0E-0FE31F185FBB}.Release|x64.Build.0 = Release|Any CPU
		{BFC847DD-F6CD-4727-9F0E-0FE31F185FBB}.Release|x86.ActiveCfg = Release|Any CPU
		{BFC847DD-F6CD-4727-9F0E-0FE31F185FBB}.Release|x86.Build.0 = Release|Any CPU
		{B2D7AE23-C915-4F74-B237-DF79FA1B8F20}.Debug|Any CPU.ActiveCfg = Debug|Any CPU
		{B2D7AE23-C915-4F74-B237-DF79FA1B8F20}.Debug|Any CPU.Build.0 = Debug|Any CPU
		{B2D7AE23-C915-4F74-B237-DF79FA1B8F20}.Debug|x64.ActiveCfg = Debug|Any CPU
		{B2D7AE23-C915-4F74-B237-DF79FA1B8F20}.Debug|x64.Build.0 = Debug|Any CPU
		{B2D7AE23-C915-4F74-B237-DF79FA1B8F20}.Debug|x86.ActiveCfg = Debug|Any CPU
		{B2D7AE23-C915-4F74-B237-DF79FA1B8F20}.Debug|x86.Build.0 = Debug|Any CPU
		{B2D7AE23-C915-4F74-B237-DF79FA1B8F20}.Release|Any CPU.ActiveCfg = Release|Any CPU
		{B2D7AE23-C915-4F74-B237-DF79FA1B8F20}.Release|Any CPU.Build.0 = Release|Any CPU
		{B2D7AE23-C915-4F74-B237-DF79FA1B8F20}.Release|x64.ActiveCfg = Release|Any CPU
		{B2D7AE23-C915-4F74-B237-DF79FA1B8F20}.Release|x64.Build.0 = Release|Any CPU
		{B2D7AE23-C915-4F74-B237-DF79FA1B8F20}.Release|x86.ActiveCfg = Release|Any CPU
		{B2D7AE23-C915-4F74-B237-DF79FA1B8F20}.Release|x86.Build.0 = Release|Any CPU
	EndGlobalSection
	GlobalSection(SolutionProperties) = preSolution
		HideSolutionNode = FALSE
	EndGlobalSection
	GlobalSection(NestedProjects) = preSolution
		{B7EE1A64-50B9-435C-BDA7-02A9F164AD39} = {827E0CD3-B72D-47B6-A68D-7590B98EB39B}
		{E6271633-97B2-42FD-BDE9-ADB363E23649} = {827E0CD3-B72D-47B6-A68D-7590B98EB39B}
		{56811568-A74A-43F7-B0D3-B43964AE710B} = {827E0CD3-B72D-47B6-A68D-7590B98EB39B}
		{888203E6-3738-4EF8-9DD4-85EF0D398519} = {827E0CD3-B72D-47B6-A68D-7590B98EB39B}
		{88F54F23-3FAE-45CA-BE73-15CA4C7FEC2D} = {827E0CD3-B72D-47B6-A68D-7590B98EB39B}
		{F815C8B9-D08E-4F9D-9278-FFAF30829CEC} = {827E0CD3-B72D-47B6-A68D-7590B98EB39B}
		{BFC847DD-F6CD-4727-9F0E-0FE31F185FBB} = {827E0CD3-B72D-47B6-A68D-7590B98EB39B}
		{B2D7AE23-C915-4F74-B237-DF79FA1B8F20} = {0AB3BF05-4346-4AA6-1389-037BE0695223}
	EndGlobalSection
EndGlobal
